
Microsoft Visual Studio Solution File, Format Version 12.00
# Visual Studio 2013
VisualStudioVersion = 12.0.21005.1
MinimumVisualStudioVersion = 10.0.40219.1
Project("{FAE04EC0-301F-11D3-BF4B-00C04F79EFBC}") = "Fr.WebApp", "Fr.WebApp\Fr.WebApp.csproj", "{7AB8D11F-74F8-4A73-8780-F2A961BAFC00}"
EndProject
Project("{FAE04EC0-301F-11D3-BF4B-00C04F79EFBC}") = "Fr.Model", "Fr.Model\Fr.Model.csproj", "{35D7D4D5-AA75-45A0-96AD-394238CEFA20}"
EndProject
Project("{FAE04EC0-301F-11D3-BF4B-00C04F79EFBC}") = "Fr.Dto", "Fr.Dto\Fr.Dto.csproj", "{5C1F5D90-3452-4F89-9DA8-B695D3780E7C}"
EndProject
Project("{FAE04EC0-301F-11D3-BF4B-00C04F79EFBC}") = "Fr.Repositories", "Fr.Repository\Fr.Repositories.csproj", "{658F32C0-5CCB-48E3-B042-70FB26E8BF5A}"
EndProject
Project("{FAE04EC0-301F-11D3-BF4B-00C04F79EFBC}") = "Fr.Service", "Fr.Service\Fr.Service.csproj", "{3418C73D-21A4-4397-AAFF-499B079D2F01}"
EndProject
Project("{FAE04EC0-301F-11D3-BF4B-00C04F79EFBC}") = "Fr.Utilily", "Fr.Utilily\Fr.Utilily.csproj", "{CE3E0691-3CB8-4F1F-AB2B-E3728F522628}"
EndProject
Project("{FAE04EC0-301F-11D3-BF4B-00C04F79EFBC}") = "Fr.WebApi", "Fr.WebApi\Fr.WebApi.csproj", "{8984E375-FBEE-4EFA-93C6-CC5E186C94D1}"
EndProject
Project("{FAE04EC0-301F-11D3-BF4B-00C04F79EFBC}") = "Fr.WebApi.Tests", "Fr.WebApi.Tests\Fr.WebApi.Tests.csproj", "{377EB151-EACD-43E2-A08F-5C9EF64902A8}"
EndProject
Project("{2150E333-8FDC-42A3-9474-1A3956D46DE8}") = "Interface", "Interface", "{33383310-249D-442B-8131-2E64CB204C40}"
EndProject
Project("{2150E333-8FDC-42A3-9474-1A3956D46DE8}") = "Implement", "Implement", "{2E784567-6167-475F-B6D8-431977374B9D}"
EndProject
Project("{2150E333-8FDC-42A3-9474-1A3956D46DE8}") = "Model", "Model", "{202CD427-9721-4A2C-B526-2B5A7A2F50FE}"
EndProject
Project("{2150E333-8FDC-42A3-9474-1A3956D46DE8}") = "UI", "UI", "{AF364A0B-A019-46C0-8EF3-D61B435456D9}"
EndProject
Project("{2150E333-8FDC-42A3-9474-1A3956D46DE8}") = "Test", "Test", "{6261DA71-4649-4FA8-9829-974D52126C44}"
EndProject
Project("{FAE04EC0-301F-11D3-BF4B-00C04F79EFBC}") = "Fr.IService", "Fr.IService\Fr.IService.csproj", "{FC31C977-B1C4-4201-9FC4-5B2D7472FC87}"
EndProject
Project("{FAE04EC0-301F-11D3-BF4B-00C04F79EFBC}") = "Fr.IRepositories", "Fr.IRepository\Fr.IRepositories.csproj", "{9B90C1C1-1F97-4AE6-8DBE-C1563BDD2AD6}"
EndProject
Project("{2150E333-8FDC-42A3-9474-1A3956D46DE8}") = "Generate", "Generate", "{34FABCF6-C084-4995-A51F-ECD81F94664E}"
EndProject
Project("{FAE04EC0-301F-11D3-BF4B-00C04F79EFBC}") = "Fr.Generate", "Fr.ServiceGen\Fr.Generate.csproj", "{B5BD8A7E-58A2-452D-B9A5-E2571D24A7F9}"
EndProject
Project("{2150E333-8FDC-42A3-9474-1A3956D46DE8}") = "lib", "lib", "{736F0A4A-AB93-422D-8BBF-2149C8BB5AE5}"
	ProjectSection(SolutionItems) = preProject
		lib\AutoMapper.4.0.4\lib\net40\AutoMapper.dll = lib\AutoMapper.4.0.4\lib\net40\AutoMapper.dll
	EndProjectSection
EndProject
Project("{FAE04EC0-301F-11D3-BF4B-00C04F79EFBC}") = "Fr.Adapter", "Fr.ServiceAdapter\Fr.Adapter.csproj", "{DBE8B028-1AFE-4902-8DD3-9C50D1CC7B68}"
EndProject
Project("{FAE04EC0-301F-11D3-BF4B-00C04F79EFBC}") = "Fr.IAdapter", "Fr.IServiceAdapter\Fr.IAdapter.csproj", "{F4633BB7-AECE-43A8-A58C-C95FFB28E05C}"
EndProject
Project("{2150E333-8FDC-42A3-9474-1A3956D46DE8}") = "Framework", "Framework", "{230789EB-68D2-42BA-9D65-D27D48E26658}"
EndProject
Project("{FAE04EC0-301F-11D3-BF4B-00C04F79EFBC}") = "Fr.Security", "Fr.Security\Fr.Security.csproj", "{2537DA81-F1B7-4549-A779-536B3F8603DD}"
EndProject
Project("{FAE04EC0-301F-11D3-BF4B-00C04F79EFBC}") = "Fr.Files", "Fr.Files\Fr.Files.csproj", "{7A0A5273-D7B3-4535-ADFF-FB8F9461AB91}"
EndProject
Global
	GlobalSection(SolutionConfigurationPlatforms) = preSolution
		Debug|Any CPU = Debug|Any CPU
		Release|Any CPU = Release|Any CPU
	EndGlobalSection
	GlobalSection(ProjectConfigurationPlatforms) = postSolution
		{7AB8D11F-74F8-4A73-8780-F2A961BAFC00}.Debug|Any CPU.ActiveCfg = Debug|Any CPU
		{7AB8D11F-74F8-4A73-8780-F2A961BAFC00}.Debug|Any CPU.Build.0 = Debug|Any CPU
		{7AB8D11F-74F8-4A73-8780-F2A961BAFC00}.Release|Any CPU.ActiveCfg = Release|Any CPU
		{7AB8D11F-74F8-4A73-8780-F2A961BAFC00}.Release|Any CPU.Build.0 = Release|Any CPU
		{35D7D4D5-AA75-45A0-96AD-394238CEFA20}.Debug|Any CPU.ActiveCfg = Debug|Any CPU
		{35D7D4D5-AA75-45A0-96AD-394238CEFA20}.Debug|Any CPU.Build.0 = Debug|Any CPU
		{35D7D4D5-AA75-45A0-96AD-394238CEFA20}.Release|Any CPU.ActiveCfg = Release|Any CPU
		{35D7D4D5-AA75-45A0-96AD-394238CEFA20}.Release|Any CPU.Build.0 = Release|Any CPU
		{5C1F5D90-3452-4F89-9DA8-B695D3780E7C}.Debug|Any CPU.ActiveCfg = Debug|Any CPU
		{5C1F5D90-3452-4F89-9DA8-B695D3780E7C}.Debug|Any CPU.Build.0 = Debug|Any CPU
		{5C1F5D90-3452-4F89-9DA8-B695D3780E7C}.Release|Any CPU.ActiveCfg = Release|Any CPU
		{5C1F5D90-3452-4F89-9DA8-B695D3780E7C}.Release|Any CPU.Build.0 = Release|Any CPU
		{658F32C0-5CCB-48E3-B042-70FB26E8BF5A}.Debug|Any CPU.ActiveCfg = Debug|Any CPU
		{658F32C0-5CCB-48E3-B042-70FB26E8BF5A}.Debug|Any CPU.Build.0 = Debug|Any CPU
		{658F32C0-5CCB-48E3-B042-70FB26E8BF5A}.Release|Any CPU.ActiveCfg = Release|Any CPU
		{658F32C0-5CCB-48E3-B042-70FB26E8BF5A}.Release|Any CPU.Build.0 = Release|Any CPU
		{3418C73D-21A4-4397-AAFF-499B079D2F01}.Debug|Any CPU.ActiveCfg = Debug|Any CPU
		{3418C73D-21A4-4397-AAFF-499B079D2F01}.Debug|Any CPU.Build.0 = Debug|Any CPU
		{3418C73D-21A4-4397-AAFF-499B079D2F01}.Release|Any CPU.ActiveCfg = Release|Any CPU
		{3418C73D-21A4-4397-AAFF-499B079D2F01}.Release|Any CPU.Build.0 = Release|Any CPU
		{CE3E0691-3CB8-4F1F-AB2B-E3728F522628}.Debug|Any CPU.ActiveCfg = Debug|Any CPU
		{CE3E0691-3CB8-4F1F-AB2B-E3728F522628}.Debug|Any CPU.Build.0 = Debug|Any CPU
		{CE3E0691-3CB8-4F1F-AB2B-E3728F522628}.Release|Any CPU.ActiveCfg = Release|Any CPU
		{CE3E0691-3CB8-4F1F-AB2B-E3728F522628}.Release|Any CPU.Build.0 = Release|Any CPU
		{8984E375-FBEE-4EFA-93C6-CC5E186C94D1}.Debug|Any CPU.ActiveCfg = Debug|Any CPU
		{8984E375-FBEE-4EFA-93C6-CC5E186C94D1}.Debug|Any CPU.Build.0 = Debug|Any CPU
		{8984E375-FBEE-4EFA-93C6-CC5E186C94D1}.Release|Any CPU.ActiveCfg = Release|Any CPU
		{8984E375-FBEE-4EFA-93C6-CC5E186C94D1}.Release|Any CPU.Build.0 = Release|Any CPU
		{377EB151-EACD-43E2-A08F-5C9EF64902A8}.Debug|Any CPU.ActiveCfg = Debug|Any CPU
		{377EB151-EACD-43E2-A08F-5C9EF64902A8}.Debug|Any CPU.Build.0 = Debug|Any CPU
		{377EB151-EACD-43E2-A08F-5C9EF64902A8}.Release|Any CPU.ActiveCfg = Release|Any CPU
		{377EB151-EACD-43E2-A08F-5C9EF64902A8}.Release|Any CPU.Build.0 = Release|Any CPU
		{FC31C977-B1C4-4201-9FC4-5B2D7472FC87}.Debug|Any CPU.ActiveCfg = Debug|Any CPU
		{FC31C977-B1C4-4201-9FC4-5B2D7472FC87}.Debug|Any CPU.Build.0 = Debug|Any CPU
		{FC31C977-B1C4-4201-9FC4-5B2D7472FC87}.Release|Any CPU.ActiveCfg = Release|Any CPU
		{FC31C977-B1C4-4201-9FC4-5B2D7472FC87}.Release|Any CPU.Build.0 = Release|Any CPU
		{9B90C1C1-1F97-4AE6-8DBE-C1563BDD2AD6}.Debug|Any CPU.ActiveCfg = Debug|Any CPU
		{9B90C1C1-1F97-4AE6-8DBE-C1563BDD2AD6}.Debug|Any CPU.Build.0 = Debug|Any CPU
		{9B90C1C1-1F97-4AE6-8DBE-C1563BDD2AD6}.Release|Any CPU.ActiveCfg = Release|Any CPU
		{9B90C1C1-1F97-4AE6-8DBE-C1563BDD2AD6}.Release|Any CPU.Build.0 = Release|Any CPU
		{B5BD8A7E-58A2-452D-B9A5-E2571D24A7F9}.Debug|Any CPU.ActiveCfg = Debug|Any CPU
		{B5BD8A7E-58A2-452D-B9A5-E2571D24A7F9}.Debug|Any CPU.Build.0 = Debug|Any CPU
		{B5BD8A7E-58A2-452D-B9A5-E2571D24A7F9}.Release|Any CPU.ActiveCfg = Release|Any CPU
		{B5BD8A7E-58A2-452D-B9A5-E2571D24A7F9}.Release|Any CPU.Build.0 = Release|Any CPU
		{DBE8B028-1AFE-4902-8DD3-9C50D1CC7B68}.Debug|Any CPU.ActiveCfg = Debug|Any CPU
		{DBE8B028-1AFE-4902-8DD3-9C50D1CC7B68}.Debug|Any CPU.Build.0 = Debug|Any CPU
		{DBE8B028-1AFE-4902-8DD3-9C50D1CC7B68}.Release|Any CPU.ActiveCfg = Release|Any CPU
		{DBE8B028-1AFE-4902-8DD3-9C50D1CC7B68}.Release|Any CPU.Build.0 = Release|Any CPU
		{F4633BB7-AECE-43A8-A58C-C95FFB28E05C}.Debug|Any CPU.ActiveCfg = Debug|Any CPU
		{F4633BB7-AECE-43A8-A58C-C95FFB28E05C}.Debug|Any CPU.Build.0 = Debug|Any CPU
		{F4633BB7-AECE-43A8-A58C-C95FFB28E05C}.Release|Any CPU.ActiveCfg = Release|Any CPU
		{F4633BB7-AECE-43A8-A58C-C95FFB28E05C}.Release|Any CPU.Build.0 = Release|Any CPU
		{2537DA81-F1B7-4549-A779-536B3F8603DD}.Debug|Any CPU.ActiveCfg = Debug|Any CPU
		{2537DA81-F1B7-4549-A779-536B3F8603DD}.Debug|Any CPU.Build.0 = Debug|Any CPU
		{2537DA81-F1B7-4549-A779-536B3F8603DD}.Release|Any CPU.ActiveCfg = Release|Any CPU
		{2537DA81-F1B7-4549-A779-536B3F8603DD}.Release|Any CPU.Build.0 = Release|Any CPU
		{7A0A5273-D7B3-4535-ADFF-FB8F9461AB91}.Debug|Any CPU.ActiveCfg = Debug|Any CPU
		{7A0A5273-D7B3-4535-ADFF-FB8F9461AB91}.Debug|Any CPU.Build.0 = Debug|Any CPU
		{7A0A5273-D7B3-4535-ADFF-FB8F9461AB91}.Release|Any CPU.ActiveCfg = Release|Any CPU
		{7A0A5273-D7B3-4535-ADFF-FB8F9461AB91}.Release|Any CPU.Build.0 = Release|Any CPU
	EndGlobalSection
	GlobalSection(SolutionProperties) = preSolution
		HideSolutionNode = FALSE
	EndGlobalSection
	GlobalSection(NestedProjects) = preSolution
		{8984E375-FBEE-4EFA-93C6-CC5E186C94D1} = {AF364A0B-A019-46C0-8EF3-D61B435456D9}
		{7AB8D11F-74F8-4A73-8780-F2A961BAFC00} = {AF364A0B-A019-46C0-8EF3-D61B435456D9}
		{5C1F5D90-3452-4F89-9DA8-B695D3780E7C} = {202CD427-9721-4A2C-B526-2B5A7A2F50FE}
		{35D7D4D5-AA75-45A0-96AD-394238CEFA20} = {202CD427-9721-4A2C-B526-2B5A7A2F50FE}
		{3418C73D-21A4-4397-AAFF-499B079D2F01} = {2E784567-6167-475F-B6D8-431977374B9D}
		{658F32C0-5CCB-48E3-B042-70FB26E8BF5A} = {2E784567-6167-475F-B6D8-431977374B9D}
		{DBE8B028-1AFE-4902-8DD3-9C50D1CC7B68} = {2E784567-6167-475F-B6D8-431977374B9D}
		{CE3E0691-3CB8-4F1F-AB2B-E3728F522628} = {230789EB-68D2-42BA-9D65-D27D48E26658}
		{2537DA81-F1B7-4549-A779-536B3F8603DD} = {230789EB-68D2-42BA-9D65-D27D48E26658}
		{7A0A5273-D7B3-4535-ADFF-FB8F9461AB91} = {230789EB-68D2-42BA-9D65-D27D48E26658}
		{377EB151-EACD-43E2-A08F-5C9EF64902A8} = {6261DA71-4649-4FA8-9829-974D52126C44}
		{FC31C977-B1C4-4201-9FC4-5B2D7472FC87} = {33383310-249D-442B-8131-2E64CB204C40}
		{9B90C1C1-1F97-4AE6-8DBE-C1563BDD2AD6} = {33383310-249D-442B-8131-2E64CB204C40}
		{F4633BB7-AECE-43A8-A58C-C95FFB28E05C} = {33383310-249D-442B-8131-2E64CB204C40}
		{B5BD8A7E-58A2-452D-B9A5-E2571D24A7F9} = {34FABCF6-C084-4995-A51F-ECD81F94664E}
	EndGlobalSection
EndGlobal
